PODS:
  - IQKeyboardManagerSwift (4.0.10)
  - Socket.IO-Client-Swift (10.2.0)

DEPENDENCIES:
  - IQKeyboardManagerSwift
  - Socket.IO-Client-Swift (~> 10.2.0)

SPEC CHECKSUMS:
  IQKeyboardManagerSwift: 75ba21a23794a1e6b6fe6d9a267ea17f80e06771
  Socket.IO-Client-Swift: ecd7fe4d2746a7557e71c2d6e95e23e3be31ddd1

PODFILE CHECKSUM: 621644597df2ed409718d8c36b607909db0b3508

COCOAPODS: 1.2.0
