// !$*UTF8*$!
{
	archiveVersion = 1;
	classes = {
	};
	objectVersion = 46;
	objects = {

/* Begin PBXBuildFile section */
		BEFA11A81F2233BE0052038C /* AppDelegate.swift in Sources */ = {isa = PBXBuildFile; fileRef = BEFA11A71F2233BE0052038C /* AppDelegate.swift */; };
		BEFA11AA1F2233BE0052038C /* ViewController.swift in Sources */ = {isa = PBXBuildFile; fileRef = BEFA11A91F2233BE0052038C /* ViewController.swift */; };
		BEFA11AD1F2233BE0052038C /* Main.storyboard in Resources */ = {isa = PBXBuildFile; fileRef = BEFA11AB1F2233BE0052038C /* Main.storyboard */; };
		BEFA11AF1F2233BE0052038C /* Assets.xcassets in Resources */ = {isa = PBXBuildFile; fileRef = BEFA11AE1F2233BE0052038C /* Assets.xcassets */; };
		BEFA11B21F2233BE0052038C /* LaunchScreen.storyboard in Resources */ = {isa = PBXBuildFile; fileRef = BEFA11B01F2233BE0052038C /* LaunchScreen.storyboard */; };
/* End PBXBuildFile section */

/* Begin PBXFileReference section */
		BEFA11A41F2233BE0052038C /* Venturus4Tech.app */ = {isa = PBXFileReference; explicitFileType = wrapper.application; includeInIndex = 0; path = Venturus4Tech.app; sourceTree = BUILT_PRODUCTS_DIR; };
		BEFA11A71F2233BE0052038C /* AppDelegate.swift */ = {isa = PBXFileReference; lastKnownFileType = sourcecode.swift; path = AppDelegate.swift; sourceTree = "<group>"; };
		BEFA11A91F2233BE0052038C /* ViewController.swift */ = {isa = PBXFileReference; lastKnownFileType = sourcecode.swift; path = ViewController.swift; sourceTree = "<group>"; };
		BEFA11AC1F2233BE0052038C /* Base */ = {isa = PBXFileReference; lastKnownFileType = file.storyboard; name = Base; path = Base.lproj/Main.storyboard; sourceTree = "<group>"; };
		BEFA11AE1F2233BE0052038C /* Assets.xcassets */ = {isa = PBXFileReference; lastKnownFileType = folder.assetcatalog; path = Assets.xcassets; sourceTree = "<group>"; };
		BEFA11B11F2233BE0052038C /* Base */ = {isa = PBXFileReference; lastKnownFileType = file.storyboard; name = Base; path = Base.lproj/LaunchScreen.storyboard; sourceTree = "<group>"; };
		BEFA11B31F2233BE0052038C /* Info.plist */ = {isa = PBXFileReference; lastKnownFileType = text.plist.xml; path = Info.plist; sourceTree = "<group>"; };
/* End PBXFileReference section */

/* Begin PBXFrameworksBuildPhase section */
		BEFA11A11F2233BE0052038C /* Frameworks */ = {
			isa = PBXFrameworksBuildPhase;
			buildActionMask = 2147483647;
			files = (
			);
			runOnlyForDeploymentPostprocessing = 0;
		};
/* End PBXFrameworksBuildPhase section */

/* Begin PBXGroup section */
		BEFA119B1F2233BE0052038C = {
			isa = PBXGroup;
			children = (
				BEFA11A61F2233BE0052038C /* Venturus4Tech */,
				BEFA11A51F2233BE0052038C /* Products */,
			);
			sourceTree = "<group>";
		};
		BEFA11A51F2233BE0052038C /* Products */ = {
			isa = PBXGroup;
			children = (
				BEFA11A41F2233BE0052038C /* Venturus4Tech.app */,
			);
			name = Products;
			sourceTree = "<group>";
		};
		BEFA11A61F2233BE0052038C /* Venturus4Tech */ = {
			isa = PBXGroup;
			children = (
				BEFA11A71F2233BE0052038C /* AppDelegate.swift */,
				BEFA11A91F2233BE0052038C /* ViewController.swift */,
				BEFA11AB1F2233BE0052038C /* Main.storyboard */,
				BEFA11AE1F2233BE0052038C /* Assets.xcassets */,
				BEFA11B01F2233BE0052038C /* LaunchScreen.storyboard */,
				BEFA11B31F2233BE0052038C /* Info.plist */,
			);
			path = Venturus4Tech;
			sourceTree = "<group>";
		};
/* End PBXGroup section */

/* Begin PBXNativeTarget section */
		BEFA11A31F2233BE0052038C /* Venturus4Tech */ = {
			isa = PBXNativeTarget;
			buildConfigurationList = BEFA11B61F2233BE0052038C /* Build configuration list for PBXNativeTarget "Venturus4Tech" */;
			buildPhases = (
				BEFA11A01F2233BE0052038C /* Sources */,
				BEFA11A11F2233BE0052038C /* Frameworks */,
				BEFA11A21F2233BE0052038C /* Resources */,
			);
			buildRules = (
			);
			dependencies = (
			);
			name = Venturus4Tech;
			productName = Venturus4Tech;
			productReference = BEFA11A41F2233BE0052038C /* Venturus4Tech.app */;
			productType = "com.apple.product-type.application";
		};
/* End PBXNativeTarget section */

/* Begin PBXProject section */
		BEFA119C1F2233BE0052038C /* Project object */ = {
			isa = PBXProject;
			attributes = {
				LastSwiftUpdateCheck = 0830;
				LastUpgradeCheck = 0830;
				ORGANIZATIONNAME = Venturus;
				TargetAttributes = {
					BEFA11A31F2233BE0052038C = {
						CreatedOnToolsVersion = 8.3.3;
						ProvisioningStyle = Automatic;
					};
				};
			};
			buildConfigurationList = BEFA119F1F2233BE0052038C /* Build configuration list for PBXProject "Venturus4Tech" */;
			compatibilityVersion = "Xcode 3.2";
			developmentRegion = English;
			hasScannedForEncodings = 0;
			knownRegions = (
				en,
				Base,
			);
			mainGroup = BEFA119B1F2233BE0052038C;
			productRefGroup = BEFA11A51F2233BE0052038C /* Products */;
			projectDirPath = "";
			projectRoot = "";
			targets = (
				BEFA11A31F2233BE0052038C /* Venturus4Tech */,
			);
		};
/* End PBXProject section */

/* Begin PBXResourcesBuildPhase section */
		BEFA11A21F2233BE0052038C /* Resources */ = {
			isa = PBXResourcesBuildPhase;
			buildActionMask = 2147483647;
			files = (
				BEFA11B21F2233BE0052038C /* LaunchScreen.storyboard in Resources */,
				BEFA11AF1F2233BE0052038C /* Assets.xcassets in Resources */,
				BEFA11AD1F2233BE0052038C /* Main.storyboard in Resources */,
			);
			runOnlyForDeploymentPostprocessing = 0;
		};
/* End PBXResourcesBuildPhase section */

/* Begin PBXSourcesBuildPhase section */
		BEFA11A01F2233BE0052038C /* Sources */ = {
			isa = PBXSourcesBuildPhase;
			buildActionMask = 2147483647;
			files = (
				BEFA11AA1F2233BE0052038C /* ViewController.swift in Sources */,
				BEFA11A81F2233BE0052038C /* AppDelegate.swift in Sources */,
			);
			runOnlyForDeploymentPostprocessing = 0;
		};
/* End PBXSourcesBuildPhase section */

/* Begin PBXVariantGroup section */
		BEFA11AB1F2233BE0052038C /* Main.storyboard */ = {
			isa = PBXVariantGroup;
			children = (
				BEFA11AC1F2233BE0052038C /* Base */,
			);
			name = Main.storyboard;
			sourceTree = "<group>";
		};
		BEFA11B01F2233BE0052038C /* LaunchScreen.storyboard */ = {
			isa = PBXVariantGroup;
			children = (
				BEFA11B11F2233BE0052038C /* Base */,
			);
			name = LaunchScreen.storyboard;
			sourceTree = "<group>";
		};
/* End PBXVariantGroup section */

/* Begin XCBuildConfiguration section */
		BEFA11B41F2233BE0052038C /* Debug */ = {
			isa = XCBuildConfiguration;
			buildSettings = {
				ALWAYS_SEARCH_USER_PATHS = NO;
				CLANG_ANALYZER_NONNULL = YES;
				CLANG_ANALYZER_NUMBER_OBJECT_CONVERSION = YES_AGGRESSIVE;
				CLANG_CXX_LANGUAGE_STANDARD = "gnu++0x";
				CLANG_CXX_LIBRARY = "libc++";
				CLANG_ENABLE_MODULES = YES;
				CLANG_ENABLE_OBJC_ARC = YES;
				CLANG_WARN_BOOL_CONVERSION = YES;
				CLANG_WARN_CONSTANT_CONVERSION = YES;
				CLANG_WARN_DIRECT_OBJC_ISA_USAGE = YES_ERROR;
				CLANG_WARN_DOCUMENTATION_COMMENTS = YES;
				CLANG_WARN_EMPTY_BODY = YES;
				CLANG_WARN_ENUM_CONVERSION = YES;
				CLANG_WARN_INFINITE_RECURSION = YES;
				CLANG_WARN_INT_CONVERSION = YES;
				CLANG_WARN_OBJC_ROOT_CLASS = YES_ERROR;
				CLANG_WARN_SUSPICIOUS_MOVE = YES;
				CLANG_WARN_UNREACHABLE_CODE = YES;
				CLANG_WARN__DUPLICATE_METHOD_MATCH = YES;
				"CODE_SIGN_IDENTITY[sdk=iphoneos*]" = "iPhone Developer";
				COPY_PHASE_STRIP = NO;
				DEBUG_INFORMATION_FORMAT = dwarf;
				ENABLE_STRICT_OBJC_MSGSEND = YES;
				ENABLE_TESTABILITY = YES;
				GCC_C_LANGUAGE_STANDARD = gnu99;
				GCC_DYNAMIC_NO_PIC = NO;
				GCC_NO_COMMON_BLOCKS = YES;
				GCC_OPTIMIZATION_LEVEL = 0;
				GCC_PREPROCESSOR_DEFINITIONS = (
					"DEBUG=1",
					"$(inherited)",
				);
				GCC_WARN_64_TO_32_BIT_CONVERSION = YES;
				GCC_WARN_ABOUT_RETURN_TYPE = YES_ERROR;
				GCC_WARN_UNDECLARED_SELECTOR = YES;
				GCC_WARN_UNINITIALIZED_AUTOS = YES_AGGRESSIVE;
				GCC_WARN_UNUSED_FUNCTION = YES;
				GCC_WARN_UNUSED_VARIABLE = YES;
				IPHONEOS_DEPLOYMENT_TARGET = 10.3;
				MTL_ENABLE_DEBUG_INFO = YES;
				ONLY_ACTIVE_ARCH = YES;
				SDKROOT = iphoneos;
				SWIFT_ACTIVE_COMPILATION_CONDITIONS = DEBUG;
				SWIFT_OPTIMIZATION_LEVEL = "-Onone";
			};
			name = Debug;
		};
		BEFA11B51F2233BE0052038C /* Release */ = {
			isa = XCBuildConfiguration;
			buildSettings = {
				ALWAYS_SEARCH_USER_PATHS = NO;
				CLANG_ANALYZER_NONNULL = YES;
				CLANG_ANALYZER_NUMBER_OBJECT_CONVERSION = YES_AGGRESSIVE;
				CLANG_CXX_LANGUAGE_STANDARD = "gnu++0x";
				CLANG_CXX_LIBRARY = "libc++";
				CLANG_ENABLE_MODULES = YES;
				CLANG_ENABLE_OBJC_ARC = YES;
				CLANG_WARN_BOOL_CONVERSION = YES;
				CLANG_WARN_CONSTANT_CONVERSION = YES;
				CLANG_WARN_DIRECT_OBJC_ISA_USAGE = YES_ERROR;
				CLANG_WARN_DOCUMENTATION_COMMENTS = YES;
				CLANG_WARN_EMPTY_BODY = YES;
				CLANG_WARN_ENUM_CONVERSION = YES;
				CLANG_WARN_INFINITE_RECURSION = YES;
				CLANG_WARN_INT_CONVERSION = YES;
				CLANG_WARN_OBJC_ROOT_CLASS = YES_ERROR;
				CLANG_WARN_SUSPICIOUS_MOVE = YES;
				CLANG_WARN_UNREACHABLE_CODE = YES;
				CLANG_WARN__DUPLICATE_METHOD_MATCH = YES;
				"CODE_SIGN_IDENTITY[sdk=iphoneos*]" = "iPhone Developer";
				COPY_PHASE_STRIP = NO;
				DEBUG_INFORMATION_FORMAT = "dwarf-with-dsym";
				ENABLE_NS_ASSERTIONS = NO;
				ENABLE_STRICT_OBJC_MSGSEND = YES;
				GCC_C_LANGUAGE_STANDARD = gnu99;
				GCC_NO_COMMON_BLOCKS = YES;
				GCC_WARN_64_TO_32_BIT_CONVERSION = YES;
				GCC_WARN_ABOUT_RETURN_TYPE = YES_ERROR;
				GCC_WARN_UNDECLARED_SELECTOR = YES;
				GCC_WARN_UNINITIALIZED_AUTOS = YES_AGGRESSIVE;
				GCC_WARN_UNUSED_FUNCTION = YES;
				GCC_WARN_UNUSED_VARIABLE = YES;
				IPHONEOS_DEPLOYMENT_TARGET = 10.3;
				MTL_ENABLE_DEBUG_INFO = NO;
				SDKROOT = iphoneos;
				SWIFT_OPTIMIZATION_LEVEL = "-Owholemodule";
				VALIDATE_PRODUCT = YES;
			};
			name = Release;
		};
		BEFA11B71F2233BE0052038C /* Debug */ = {
			isa = XCBuildConfiguration;
			buildSettings = {
				ASSETCATALOG_COMPILER_APPICON_NAME = AppIcon;
				DEVELOPMENT_TEAM = "";
				INFOPLIST_FILE = Venturus4Tech/Info.plist;
				LD_RUNPATH_SEARCH_PATHS = "$(inherited) @executable_path/Frameworks";
				PRODUCT_BUNDLE_IDENTIFIER = br.org.venturus.Venturus4Tech;
				PRODUCT_NAME = "$(TARGET_NAME)";
				SWIFT_VERSION = 3.0;
			};
			name = Debug;
		};
		BEFA11B81F2233BE0052038C /* Release */ = {
			isa = XCBuildConfiguration;
			buildSettings = {
				ASSETCATALOG_COMPILER_APPICON_NAME = AppIcon;
				DEVELOPMENT_TEAM = "";
				INFOPLIST_FILE = Venturus4Tech/Info.plist;
				LD_RUNPATH_SEARCH_PATHS = "$(inherited) @executable_path/Frameworks";
				PRODUCT_BUNDLE_IDENTIFIER = br.org.venturus.Venturus4Tech;
				PRODUCT_NAME = "$(TARGET_NAME)";
				SWIFT_VERSION = 3.0;
			};
			name = Release;
		};
/* End XCBuildConfiguration section */

/* Begin XCConfigurationList section */
		BEFA119F1F2233BE0052038C /* Build configuration list for PBXProject "Venturus4Tech" */ = {
			isa = XCConfigurationList;
			buildConfigurations = (
				BEFA11B41F2233BE0052038C /* Debug */,
				BEFA11B51F2233BE0052038C /* Release */,
			);
			defaultConfigurationIsVisible = 0;
			defaultConfigurationName = Release;
		};
		BEFA11B61F2233BE0052038C /* Build configuration list for PBXNativeTarget "Venturus4Tech" */ = {
			isa = XCConfigurationList;
			buildConfigurations = (
				BEFA11B71F2233BE0052038C /* Debug */,
				BEFA11B81F2233BE0052038C /* Release */,
			);
			defaultConfigurationIsVisible = 0;
		};
/* End XCConfigurationList section */
	};
	rootObject = BEFA119C1F2233BE0052038C /* Project object */;
}
